// !$*UTF8*$!
{
	archiveVersion = 1;
	classes = {
	};
	objectVersion = 51;
	objects = {

/* Begin PBXBuildFile section */
		023DB039228459A8007D35D1 /* Main.storyboard in Resources */ = {isa = PBXBuildFile; fileRef = 023DB037228459A8007D35D1 /* Main.storyboard */; };
		046F891624260F8F00DBE0B2 /* Pods_SportSoundApp.framework in Frameworks */ = {isa = PBXBuildFile; fileRef = 621D98B1BC092C1347874D51 /* Pods_SportSoundApp.framework */; };
		3291552BC258ADE4A3AA2202 /* Pods_SportSoundAppTests.framework in Frameworks */ = {isa = PBXBuildFile; fileRef = 71F51255269BB2AAF71AD685 /* Pods_SportSoundAppTests.framework */; };
		B116A2DF22E24C32004ECE1D /* cheer.mp3 in Resources */ = {isa = PBXBuildFile; fileRef = B116A2DE22E24C31004ECE1D /* cheer.mp3 */; };
		B11F628F21FE633300363DFE /* SecondViewController.swift in Sources */ = {isa = PBXBuildFile; fileRef = B11F628E21FE633200363DFE /* SecondViewController.swift */; };
		B13AEC9D22CF7D9200030376 /* ssapp.xcdatamodeld in Sources */ = {isa = PBXBuildFile; fileRef = B13AEC9B22CF7D9200030376 /* ssapp.xcdatamodeld */; };
		B1475118233C1A09005C4339 /* whistle_long.mp3 in Resources */ = {isa = PBXBuildFile; fileRef = B1475117233C1A08005C4339 /* whistle_long.mp3 */; };
		B15F923A2382A2760006B9A9 /* Onboarding.storyboard in Resources */ = {isa = PBXBuildFile; fileRef = B15F923C2382A2760006B9A9 /* Onboarding.storyboard */; };
		B16805332221388E00074350 /* whistle_orig.mp3 in Resources */ = {isa = PBXBuildFile; fileRef = B16805322221388E00074350 /* whistle_orig.mp3 */; };
		B168053522213C2500074350 /* whistle_serv.mp3 in Resources */ = {isa = PBXBuildFile; fileRef = B168053422213C2500074350 /* whistle_serv.mp3 */; };
		B168053722213CFB00074350 /* serv_whistle.mp3 in Resources */ = {isa = PBXBuildFile; fileRef = B168053622213CF900074350 /* serv_whistle.mp3 */; };
		B169701E2328F2FA00B3B961 /* soundOfTimeout1.mp3 in Resources */ = {isa = PBXBuildFile; fileRef = B169701B2328F2FA00B3B961 /* soundOfTimeout1.mp3 */; };
		B169701F2328F2FA00B3B961 /* soundOfTimeout2.mp3 in Resources */ = {isa = PBXBuildFile; fileRef = B169701C2328F2FA00B3B961 /* soundOfTimeout2.mp3 */; };
		B16CDA6421E55B7200CD222C /* oou.mp3 in Resources */ = {isa = PBXBuildFile; fileRef = B16CDA6321E55B7200CD222C /* oou.mp3 */; };
		B16CDA6621E55B8200CD222C /* unluck.mp3 in Resources */ = {isa = PBXBuildFile; fileRef = B16CDA6521E55B8200CD222C /* unluck.mp3 */; };
		B16CDA6821E55C1800CD222C /* monsterBlock.mp3 in Resources */ = {isa = PBXBuildFile; fileRef = B16CDA6721E55C1800CD222C /* monsterBlock.mp3 */; };
		B16CDA6A21E55C3300CD222C /* buzzle.mp3 in Resources */ = {isa = PBXBuildFile; fileRef = B16CDA6921E55C3300CD222C /* buzzle.mp3 */; };
		B16CDA6C21E55C6800CD222C /* whistle.mp3 in Resources */ = {isa = PBXBuildFile; fileRef = B16CDA6B21E55C6800CD222C /* whistle.mp3 */; };
		B17BB40B2388029D00FB11B2 /* Localizable.strings in Resources */ = {isa = PBXBuildFile; fileRef = B17BB4092388029D00FB11B2 /* Localizable.strings */; };
		B17BB40E23885B1400FB11B2 /* soundOfTimeout3.mp3 in Resources */ = {isa = PBXBuildFile; fileRef = B17BB40D23885B1400FB11B2 /* soundOfTimeout3.mp3 */; };
		B196753C2386E40900A5D3D6 /* Launch Screen.storyboard in Resources */ = {isa = PBXBuildFile; fileRef = B196753E2386E40900A5D3D6 /* Launch Screen.storyboard */; };
		B1B2C65323A4F6DB0019F1AA /* LaunchViewController.swift in Sources */ = {isa = PBXBuildFile; fileRef = B1B2C65223A4F6DB0019F1AA /* LaunchViewController.swift */; };
		B1C114FC23355E9600BB8ED5 /* WhistleViewController.swift in Sources */ = {isa = PBXBuildFile; fileRef = B1C114FB23355E9600BB8ED5 /* WhistleViewController.swift */; };
		B1C114FE23355ED200BB8ED5 /* IconsViewController.swift in Sources */ = {isa = PBXBuildFile; fileRef = B1C114FD23355ED200BB8ED5 /* IconsViewController.swift */; };
		B1C1150023355EF000BB8ED5 /* ReadyViewController.swift in Sources */ = {isa = PBXBuildFile; fileRef = B1C114FF23355EF000BB8ED5 /* ReadyViewController.swift */; };
		B1C18BE823265A8A0019BF15 /* soundOfTimeout.mp3 in Resources */ = {isa = PBXBuildFile; fileRef = B1C18BE723265A890019BF15 /* soundOfTimeout.mp3 */; };
		B1E06D2821E3E8B2008C361A /* AppDelegate.swift in Sources */ = {isa = PBXBuildFile; fileRef = B1E06D2721E3E8B2008C361A /* AppDelegate.swift */; };
		B1E06D2A21E3E8B2008C361A /* ViewController.swift in Sources */ = {isa = PBXBuildFile; fileRef = B1E06D2921E3E8B2008C361A /* ViewController.swift */; };
		B1E06D2F21E3E8BD008C361A /* Assets.xcassets in Resources */ = {isa = PBXBuildFile; fileRef = B1E06D2E21E3E8BD008C361A /* Assets.xcassets */; };
		B1E06D3D21E3E8BE008C361A /* SportSoundAppTests.swift in Sources */ = {isa = PBXBuildFile; fileRef = B1E06D3C21E3E8BE008C361A /* SportSoundAppTests.swift */; };
		B1E06D4821E3E8BE008C361A /* SportSoundAppUITests.swift in Sources */ = {isa = PBXBuildFile; fileRef = B1E06D4721E3E8BE008C361A /* SportSoundAppUITests.swift */; };
		B1E33E8F21E40CCF0006ED59 /* magic.mp3 in Resources */ = {isa = PBXBuildFile; fileRef = B1E33E8E21E40CCF0006ED59 /* magic.mp3 */; };
		F9F3F43DF5586E5DDB26975E /* Pods_SportSoundApp_SportSoundAppUITests.framework in Frameworks */ = {isa = PBXBuildFile; fileRef = EE24A2C4E6C0ED621186A1F0 /* Pods_SportSoundApp_SportSoundAppUITests.framework */; };
/* End PBXBuildFile section */

/* Begin PBXContainerItemProxy section */
		B1E06D3921E3E8BE008C361A /* PBXContainerItemProxy */ = {
			isa = PBXContainerItemProxy;
			containerPortal = B1E06D1C21E3E8B1008C361A /* Project object */;
			proxyType = 1;
			remoteGlobalIDString = B1E06D2321E3E8B2008C361A;
			remoteInfo = SportSoundApp;
		};
		B1E06D4421E3E8BE008C361A /* PBXContainerItemProxy */ = {
			isa = PBXContainerItemProxy;
			containerPortal = B1E06D1C21E3E8B1008C361A /* Project object */;
			proxyType = 1;
			remoteGlobalIDString = B1E06D2321E3E8B2008C361A;
			remoteInfo = SportSoundApp;
		};
/* End PBXContainerItemProxy section */

/* Begin PBXFileReference section */
		023DB038228459A8007D35D1 /* Base */ = {isa = PBXFileReference; lastKnownFileType = file.storyboard; name = Base; path = Base.lproj/Main.storyboard; sourceTree = "<group>"; };
		046F8919242610B200DBE0B2 /* AMPopTip.framework */ = {isa = PBXFileReference; explicitFileType = wrapper.framework; path = AMPopTip.framework; sourceTree = BUILT_PRODUCTS_DIR; };
		318516973E69870352B1A255 /* Pods-SportSoundAppTests.debug.xcconfig */ = {isa = PBXFileReference; includeInIndex = 1; lastKnownFileType = text.xcconfig; name = "Pods-SportSoundAppTests.debug.xcconfig"; path = "Target Support Files/Pods-SportSoundAppTests/Pods-SportSoundAppTests.debug.xcconfig"; sourceTree = "<group>"; };
		47CFF83B9B3E81D5CE5ADCDF /* Pods-SportSoundApp-SportSoundAppUITests.release.xcconfig */ = {isa = PBXFileReference; includeInIndex = 1; lastKnownFileType = text.xcconfig; name = "Pods-SportSoundApp-SportSoundAppUITests.release.xcconfig"; path = "Target Support Files/Pods-SportSoundApp-SportSoundAppUITests/Pods-SportSoundApp-SportSoundAppUITests.release.xcconfig"; sourceTree = "<group>"; };
		5C43BE99EDD06CF53F7B43FC /* Pods-SportSoundApp.debug.xcconfig */ = {isa = PBXFileReference; includeInIndex = 1; lastKnownFileType = text.xcconfig; name = "Pods-SportSoundApp.debug.xcconfig"; path = "Target Support Files/Pods-SportSoundApp/Pods-SportSoundApp.debug.xcconfig"; sourceTree = "<group>"; };
		5E317B48A8734AE13D83FA72 /* Pods-SportSoundApp-SportSoundAppUITests.debug.xcconfig */ = {isa = PBXFileReference; includeInIndex = 1; lastKnownFileType = text.xcconfig; name = "Pods-SportSoundApp-SportSoundAppUITests.debug.xcconfig"; path = "Target Support Files/Pods-SportSoundApp-SportSoundAppUITests/Pods-SportSoundApp-SportSoundAppUITests.debug.xcconfig"; sourceTree = "<group>"; };
		621D98B1BC092C1347874D51 /* Pods_SportSoundApp.framework */ = {isa = PBXFileReference; explicitFileType = wrapper.framework; includeInIndex = 0; path = Pods_SportSoundApp.framework; sourceTree = BUILT_PRODUCTS_DIR; };
		71F51255269BB2AAF71AD685 /* Pods_SportSoundAppTests.framework */ = {isa = PBXFileReference; explicitFileType = wrapper.framework; includeInIndex = 0; path = Pods_SportSoundAppTests.framework; sourceTree = BUILT_PRODUCTS_DIR; };
		9F7834B90C8F123466785CF3 /* Pods-SportSoundAppTests.release.xcconfig */ = {isa = PBXFileReference; includeInIndex = 1; lastKnownFileType = text.xcconfig; name = "Pods-SportSoundAppTests.release.xcconfig"; path = "Target Support Files/Pods-SportSoundAppTests/Pods-SportSoundAppTests.release.xcconfig"; sourceTree = "<group>"; };
		B1060C9122D8D059000F5646 /* en */ = {isa = PBXFileReference; lastKnownFileType = text.plist.strings; name = en; path = en.lproj/Main.strings; sourceTree = "<group>"; };
		B116A2DE22E24C31004ECE1D /* cheer.mp3 */ = {isa = PBXFileReference; lastKnownFileType = audio.mp3; path = cheer.mp3; sourceTree = "<group>"; };
		B11F628E21FE633200363DFE /* SecondViewController.swift */ = {isa = PBXFileReference; lastKnownFileType = sourcecode.swift; path = SecondViewController.swift; sourceTree = "<group>"; };
		B13AEC9C22CF7D9200030376 /* ssapp.xcdatamodel */ = {isa = PBXFileReference; lastKnownFileType = wrapper.xcdatamodel; path = ssapp.xcdatamodel; sourceTree = "<group>"; };
		B1475117233C1A08005C4339 /* whistle_long.mp3 */ = {isa = PBXFileReference; lastKnownFileType = audio.mp3; path = whistle_long.mp3; sourceTree = "<group>"; };
		B1560B1022B94309007E2EDE /* ru */ = {isa = PBXFileReference; lastKnownFileType = text.plist.strings; name = ru; path = ru.lproj/Main.strings; sourceTree = "<group>"; };
		B15F923B2382A2760006B9A9 /* Base */ = {isa = PBXFileReference; lastKnownFileType = file.storyboard; name = Base; path = Base.lproj/Onboarding.storyboard; sourceTree = "<group>"; };
		B15F923E2382A3050006B9A9 /* en */ = {isa = PBXFileReference; lastKnownFileType = text.plist.strings; name = en; path = en.lproj/Onboarding.strings; sourceTree = "<group>"; };
		B15F92402382A3080006B9A9 /* ru */ = {isa = PBXFileReference; lastKnownFileType = text.plist.strings; name = ru; path = ru.lproj/Onboarding.strings; sourceTree = "<group>"; };
		B16805322221388E00074350 /* whistle_orig.mp3 */ = {isa = PBXFileReference; lastKnownFileType = audio.mp3; path = whistle_orig.mp3; sourceTree = "<group>"; };
		B168053422213C2500074350 /* whistle_serv.mp3 */ = {isa = PBXFileReference; lastKnownFileType = audio.mp3; path = whistle_serv.mp3; sourceTree = "<group>"; };
		B168053622213CF900074350 /* serv_whistle.mp3 */ = {isa = PBXFileReference; lastKnownFileType = audio.mp3; path = serv_whistle.mp3; sourceTree = "<group>"; };
		B169701B2328F2FA00B3B961 /* soundOfTimeout1.mp3 */ = {isa = PBXFileReference; lastKnownFileType = audio.mp3; path = soundOfTimeout1.mp3; sourceTree = "<group>"; };
		B169701C2328F2FA00B3B961 /* soundOfTimeout2.mp3 */ = {isa = PBXFileReference; lastKnownFileType = audio.mp3; path = soundOfTimeout2.mp3; sourceTree = "<group>"; };
		B16CDA6321E55B7200CD222C /* oou.mp3 */ = {isa = PBXFileReference; lastKnownFileType = audio.mp3; path = oou.mp3; sourceTree = "<group>"; };
		B16CDA6521E55B8200CD222C /* unluck.mp3 */ = {isa = PBXFileReference; lastKnownFileType = audio.mp3; path = unluck.mp3; sourceTree = "<group>"; };
		B16CDA6721E55C1800CD222C /* monsterBlock.mp3 */ = {isa = PBXFileReference; lastKnownFileType = audio.mp3; path = monsterBlock.mp3; sourceTree = "<group>"; };
		B16CDA6921E55C3300CD222C /* buzzle.mp3 */ = {isa = PBXFileReference; lastKnownFileType = audio.mp3; path = buzzle.mp3; sourceTree = "<group>"; };
		B16CDA6B21E55C6800CD222C /* whistle.mp3 */ = {isa = PBXFileReference; lastKnownFileType = audio.mp3; path = whistle.mp3; sourceTree = "<group>"; };
		B16EF4972387381C0034B71B /* en */ = {isa = PBXFileReference; lastKnownFileType = text.plist.strings; name = en; path = "en.lproj/Launch Screen.strings"; sourceTree = "<group>"; };
		B16EF4992387381F0034B71B /* ru */ = {isa = PBXFileReference; lastKnownFileType = text.plist.strings; name = ru; path = "ru.lproj/Launch Screen.strings"; sourceTree = "<group>"; };
		B17BB4062387F8E700FB11B2 /* uk */ = {isa = PBXFileReference; lastKnownFileType = text.plist.strings; name = uk; path = uk.lproj/Main.strings; sourceTree = "<group>"; };
		B17BB4072387F8E700FB11B2 /* uk */ = {isa = PBXFileReference; lastKnownFileType = text.plist.strings; name = uk; path = "uk.lproj/Launch Screen.strings"; sourceTree = "<group>"; };
		B17BB4082387F8E700FB11B2 /* uk */ = {isa = PBXFileReference; lastKnownFileType = text.plist.strings; name = uk; path = uk.lproj/Onboarding.strings; sourceTree = "<group>"; };
		B17BB40A2388029D00FB11B2 /* ru */ = {isa = PBXFileReference; lastKnownFileType = text.plist.strings; name = ru; path = ru.lproj/Localizable.strings; sourceTree = "<group>"; };
		B17BB40C23884B2700FB11B2 /* uk */ = {isa = PBXFileReference; lastKnownFileType = text.plist.strings; name = uk; path = uk.lproj/Localizable.strings; sourceTree = "<group>"; };
		B17BB40D23885B1400FB11B2 /* soundOfTimeout3.mp3 */ = {isa = PBXFileReference; lastKnownFileType = audio.mp3; path = soundOfTimeout3.mp3; sourceTree = "<group>"; };
		B196753D2386E40900A5D3D6 /* Base */ = {isa = PBXFileReference; lastKnownFileType = file.storyboard; name = Base; path = "Base.lproj/Launch Screen.storyboard"; sourceTree = "<group>"; };
		B1B2C65223A4F6DB0019F1AA /* LaunchViewController.swift */ = {isa = PBXFileReference; lastKnownFileType = sourcecode.swift; path = LaunchViewController.swift; sourceTree = "<group>"; };
		B1C114FB23355E9600BB8ED5 /* WhistleViewController.swift */ = {isa = PBXFileReference; lastKnownFileType = sourcecode.swift; path = WhistleViewController.swift; sourceTree = "<group>"; };
		B1C114FD23355ED200BB8ED5 /* IconsViewController.swift */ = {isa = PBXFileReference; lastKnownFileType = sourcecode.swift; path = IconsViewController.swift; sourceTree = "<group>"; };
		B1C114FF23355EF000BB8ED5 /* ReadyViewController.swift */ = {isa = PBXFileReference; lastKnownFileType = sourcecode.swift; path = ReadyViewController.swift; sourceTree = "<group>"; };
		B1C18BE723265A890019BF15 /* soundOfTimeout.mp3 */ = {isa = PBXFileReference; lastKnownFileType = audio.mp3; path = soundOfTimeout.mp3; sourceTree = "<group>"; };
		B1E06D2421E3E8B2008C361A /* BeachVolleyApp.app */ = {isa = PBXFileReference; explicitFileType = wrapper.application; includeInIndex = 0; path = BeachVolleyApp.app; sourceTree = BUILT_PRODUCTS_DIR; };
		B1E06D2721E3E8B2008C361A /* AppDelegate.swift */ = {isa = PBXFileReference; lastKnownFileType = sourcecode.swift; path = AppDelegate.swift; sourceTree = "<group>"; };
		B1E06D2921E3E8B2008C361A /* ViewController.swift */ = {isa = PBXFileReference; lastKnownFileType = sourcecode.swift; path = ViewController.swift; sourceTree = "<group>"; };
		B1E06D2E21E3E8BD008C361A /* Assets.xcassets */ = {isa = PBXFileReference; lastKnownFileType = folder.assetcatalog; path = Assets.xcassets; sourceTree = "<group>"; };
		B1E06D3321E3E8BD008C361A /* Info.plist */ = {isa = PBXFileReference; lastKnownFileType = text.plist.xml; path = Info.plist; sourceTree = "<group>"; };
		B1E06D3821E3E8BE008C361A /* BeachVolleyAppTests.xctest */ = {isa = PBXFileReference; explicitFileType = wrapper.cfbundle; includeInIndex = 0; path = BeachVolleyAppTests.xctest; sourceTree = BUILT_PRODUCTS_DIR; };
		B1E06D3C21E3E8BE008C361A /* SportSoundAppTests.swift */ = {isa = PBXFileReference; lastKnownFileType = sourcecode.swift; path = SportSoundAppTests.swift; sourceTree = "<group>"; };
		B1E06D3E21E3E8BE008C361A /* Info.plist */ = {isa = PBXFileReference; lastKnownFileType = text.plist.xml; path = Info.plist; sourceTree = "<group>"; };
		B1E06D4321E3E8BE008C361A /* BeachVolleyAppUITests.xctest */ = {isa = PBXFileReference; explicitFileType = wrapper.cfbundle; includeInIndex = 0; path = BeachVolleyAppUITests.xctest; sourceTree = BUILT_PRODUCTS_DIR; };
		B1E06D4721E3E8BE008C361A /* SportSoundAppUITests.swift */ = {isa = PBXFileReference; lastKnownFileType = sourcecode.swift; path = SportSoundAppUITests.swift; sourceTree = "<group>"; };
		B1E06D4921E3E8BE008C361A /* Info.plist */ = {isa = PBXFileReference; lastKnownFileType = text.plist.xml; path = Info.plist; sourceTree = "<group>"; };
		B1E33E8E21E40CCF0006ED59 /* magic.mp3 */ = {isa = PBXFileReference; lastKnownFileType = audio.mp3; path = magic.mp3; sourceTree = "<group>"; };
		C995F6E119115DF0EBB17DB3 /* Pods-SportSoundApp.release.xcconfig */ = {isa = PBXFileReference; includeInIndex = 1; lastKnownFileType = text.xcconfig; name = "Pods-SportSoundApp.release.xcconfig"; path = "Target Support Files/Pods-SportSoundApp/Pods-SportSoundApp.release.xcconfig"; sourceTree = "<group>"; };
		EE24A2C4E6C0ED621186A1F0 /* Pods_SportSoundApp_SportSoundAppUITests.framework */ = {isa = PBXFileReference; explicitFileType = wrapper.framework; includeInIndex = 0; path = Pods_SportSoundApp_SportSoundAppUITests.framework; sourceTree = BUILT_PRODUCTS_DIR; };
/* End PBXFileReference section */

/* Begin PBXFrameworksBuildPhase section */
		B1E06D2121E3E8B2008C361A /* Frameworks */ = {
			isa = PBXFrameworksBuildPhase;
			buildActionMask = 2147483647;
			files = (
				046F891624260F8F00DBE0B2 /* Pods_SportSoundApp.framework in Frameworks */,
			);
			runOnlyForDeploymentPostprocessing = 0;
		};
		B1E06D3521E3E8BE008C361A /* Frameworks */ = {
			isa = PBXFrameworksBuildPhase;
			buildActionMask = 2147483647;
			files = (
				3291552BC258ADE4A3AA2202 /* Pods_SportSoundAppTests.framework in Frameworks */,
			);
			runOnlyForDeploymentPostprocessing = 0;
		};
		B1E06D4021E3E8BE008C361A /* Frameworks */ = {
			isa = PBXFrameworksBuildPhase;
			buildActionMask = 2147483647;
			files = (
				F9F3F43DF5586E5DDB26975E /* Pods_SportSoundApp_SportSoundAppUITests.framework in Frameworks */,
			);
			runOnlyForDeploymentPostprocessing = 0;
		};
/* End PBXFrameworksBuildPhase section */

/* Begin PBXGroup section */
		2A527E2A751E9847FB43226E /* Frameworks */ = {
			isa = PBXGroup;
			children = (
				046F8919242610B200DBE0B2 /* AMPopTip.framework */,
				621D98B1BC092C1347874D51 /* Pods_SportSoundApp.framework */,
				EE24A2C4E6C0ED621186A1F0 /* Pods_SportSoundApp_SportSoundAppUITests.framework */,
				71F51255269BB2AAF71AD685 /* Pods_SportSoundAppTests.framework */,
			);
			name = Frameworks;
			sourceTree = "<group>";
		};
		734F7ACDA9AC7D77078B1329 /* Pods */ = {
			isa = PBXGroup;
			children = (
				5C43BE99EDD06CF53F7B43FC /* Pods-SportSoundApp.debug.xcconfig */,
				C995F6E119115DF0EBB17DB3 /* Pods-SportSoundApp.release.xcconfig */,
				5E317B48A8734AE13D83FA72 /* Pods-SportSoundApp-SportSoundAppUITests.debug.xcconfig */,
				47CFF83B9B3E81D5CE5ADCDF /* Pods-SportSoundApp-SportSoundAppUITests.release.xcconfig */,
				318516973E69870352B1A255 /* Pods-SportSoundAppTests.debug.xcconfig */,
				9F7834B90C8F123466785CF3 /* Pods-SportSoundAppTests.release.xcconfig */,
			);
			path = Pods;
			sourceTree = "<group>";
		};
		B16970192328E64D00B3B961 /* Sounds */ = {
			isa = PBXGroup;
			children = (
				B1475117233C1A08005C4339 /* whistle_long.mp3 */,
				B168053422213C2500074350 /* whistle_serv.mp3 */,
				B16805322221388E00074350 /* whistle_orig.mp3 */,
				B1E33E8E21E40CCF0006ED59 /* magic.mp3 */,
				B116A2DE22E24C31004ECE1D /* cheer.mp3 */,
				B1C18BE723265A890019BF15 /* soundOfTimeout.mp3 */,
				B169701B2328F2FA00B3B961 /* soundOfTimeout1.mp3 */,
				B169701C2328F2FA00B3B961 /* soundOfTimeout2.mp3 */,
				B17BB40D23885B1400FB11B2 /* soundOfTimeout3.mp3 */,
				B16CDA6321E55B7200CD222C /* oou.mp3 */,
				B168053622213CF900074350 /* serv_whistle.mp3 */,
				B16CDA6521E55B8200CD222C /* unluck.mp3 */,
				B16CDA6721E55C1800CD222C /* monsterBlock.mp3 */,
				B16CDA6921E55C3300CD222C /* buzzle.mp3 */,
				B16CDA6B21E55C6800CD222C /* whistle.mp3 */,
			);
			name = Sounds;
			sourceTree = "<group>";
		};
		B1E06D1B21E3E8B1008C361A = {
			isa = PBXGroup;
			children = (
				B13AEC9B22CF7D9200030376 /* ssapp.xcdatamodeld */,
				B1E06D2621E3E8B2008C361A /* BeachVolleyApp */,
				B1E06D3B21E3E8BE008C361A /* SportSoundAppTests */,
				B1E06D4621E3E8BE008C361A /* SportSoundAppUITests */,
				B1E06D2521E3E8B2008C361A /* Products */,
				734F7ACDA9AC7D77078B1329 /* Pods */,
				2A527E2A751E9847FB43226E /* Frameworks */,
			);
			sourceTree = "<group>";
		};
		B1E06D2521E3E8B2008C361A /* Products */ = {
			isa = PBXGroup;
			children = (
				B1E06D2421E3E8B2008C361A /* BeachVolleyApp.app */,
				B1E06D3821E3E8BE008C361A /* BeachVolleyAppTests.xctest */,
				B1E06D4321E3E8BE008C361A /* BeachVolleyAppUITests.xctest */,
			);
			name = Products;
			sourceTree = "<group>";
		};
		B1E06D2621E3E8B2008C361A /* BeachVolleyApp */ = {
			isa = PBXGroup;
			children = (
				B1E06D2921E3E8B2008C361A /* ViewController.swift */,
				B1B2C65223A4F6DB0019F1AA /* LaunchViewController.swift */,
				B11F628E21FE633200363DFE /* SecondViewController.swift */,
				B1E06D2721E3E8B2008C361A /* AppDelegate.swift */,
				023DB037228459A8007D35D1 /* Main.storyboard */,
				B196753E2386E40900A5D3D6 /* Launch Screen.storyboard */,
				B15F923C2382A2760006B9A9 /* Onboarding.storyboard */,
				B1C114FB23355E9600BB8ED5 /* WhistleViewController.swift */,
				B1C114FD23355ED200BB8ED5 /* IconsViewController.swift */,
				B1C114FF23355EF000BB8ED5 /* ReadyViewController.swift */,
				B1E06D2E21E3E8BD008C361A /* Assets.xcassets */,
				B1E06D3321E3E8BD008C361A /* Info.plist */,
				B17BB4092388029D00FB11B2 /* Localizable.strings */,
				B16970192328E64D00B3B961 /* Sounds */,
			);
			path = BeachVolleyApp;
			sourceTree = "<group>";
		};
		B1E06D3B21E3E8BE008C361A /* SportSoundAppTests */ = {
			isa = PBXGroup;
			children = (
				B1E06D3C21E3E8BE008C361A /* SportSoundAppTests.swift */,
				B1E06D3E21E3E8BE008C361A /* Info.plist */,
			);
			path = SportSoundAppTests;
			sourceTree = "<group>";
		};
		B1E06D4621E3E8BE008C361A /* SportSoundAppUITests */ = {
			isa = PBXGroup;
			children = (
				B1E06D4721E3E8BE008C361A /* SportSoundAppUITests.swift */,
				B1E06D4921E3E8BE008C361A /* Info.plist */,
			);
			path = SportSoundAppUITests;
			sourceTree = "<group>";
		};
/* End PBXGroup section */

/* Begin PBXNativeTarget section */
		B1E06D2321E3E8B2008C361A /* BeachVolleyApp */ = {
			isa = PBXNativeTarget;
			buildConfigurationList = B1E06D4C21E3E8BE008C361A /* Build configuration list for PBXNativeTarget "BeachVolleyApp" */;
			buildPhases = (
				4883AC6206F1D894577A51D3 /* [CP] Check Pods Manifest.lock */,
				B1E06D2021E3E8B2008C361A /* Sources */,
				B1E06D2121E3E8B2008C361A /* Frameworks */,
				B1E06D2221E3E8B2008C361A /* Resources */,
				10A48870C829777ED06B482E /* [CP] Embed Pods Frameworks */,
			);
			buildRules = (
			);
			dependencies = (
			);
			name = BeachVolleyApp;
			productName = SportSoundApp;
			productReference = B1E06D2421E3E8B2008C361A /* BeachVolleyApp.app */;
			productType = "com.apple.product-type.application";
		};
		B1E06D3721E3E8BE008C361A /* BeachVolleyAppTests */ = {
			isa = PBXNativeTarget;
			buildConfigurationList = B1E06D4F21E3E8BE008C361A /* Build configuration list for PBXNativeTarget "BeachVolleyAppTests" */;
			buildPhases = (
				26E8C7E2050B0738D0A1002B /* [CP] Check Pods Manifest.lock */,
				B1E06D3421E3E8BE008C361A /* Sources */,
				B1E06D3521E3E8BE008C361A /* Frameworks */,
				B1E06D3621E3E8BE008C361A /* Resources */,
			);
			buildRules = (
			);
			dependencies = (
				B1E06D3A21E3E8BE008C361A /* PBXTargetDependency */,
			);
			name = BeachVolleyAppTests;
			productName = SportSoundAppTests;
			productReference = B1E06D3821E3E8BE008C361A /* BeachVolleyAppTests.xctest */;
			productType = "com.apple.product-type.bundle.unit-test";
		};
		B1E06D4221E3E8BE008C361A /* BeachVolleyAppUITests */ = {
			isa = PBXNativeTarget;
			buildConfigurationList = B1E06D5221E3E8BE008C361A /* Build configuration list for PBXNativeTarget "BeachVolleyAppUITests" */;
			buildPhases = (
				E3627A8E6D9A6ABE62BC578C /* [CP] Check Pods Manifest.lock */,
				B1E06D3F21E3E8BE008C361A /* Sources */,
				B1E06D4021E3E8BE008C361A /* Frameworks */,
				B1E06D4121E3E8BE008C361A /* Resources */,
				242063CAE0FD1223527642F0 /* [CP] Embed Pods Frameworks */,
			);
			buildRules = (
			);
			dependencies = (
				B1E06D4521E3E8BE008C361A /* PBXTargetDependency */,
			);
			name = BeachVolleyAppUITests;
			productName = SportSoundAppUITests;
			productReference = B1E06D4321E3E8BE008C361A /* BeachVolleyAppUITests.xctest */;
			productType = "com.apple.product-type.bundle.ui-testing";
		};
/* End PBXNativeTarget section */

/* Begin PBXProject section */
		B1E06D1C21E3E8B1008C361A /* Project object */ = {
			isa = PBXProject;
			attributes = {
				LastSwiftUpdateCheck = 1000;
				LastUpgradeCheck = 1000;
				ORGANIZATIONNAME = "Elena Nazarova";
				TargetAttributes = {
					B1E06D2321E3E8B2008C361A = {
						CreatedOnToolsVersion = 10.0;
						SystemCapabilities = {
							com.apple.BackgroundModes = {
								enabled = 1;
							};
						};
					};
					B1E06D3721E3E8BE008C361A = {
						CreatedOnToolsVersion = 10.0;
						TestTargetID = B1E06D2321E3E8B2008C361A;
					};
					B1E06D4221E3E8BE008C361A = {
						CreatedOnToolsVersion = 10.0;
						TestTargetID = B1E06D2321E3E8B2008C361A;
					};
				};
			};
			buildConfigurationList = B1E06D1F21E3E8B1008C361A /* Build configuration list for PBXProject "BeachVolleyApp" */;
			compatibilityVersion = "Xcode 10.0";
			developmentRegion = en;
			hasScannedForEncodings = 0;
			knownRegions = (
				en,
				Base,
				ru,
				uk,
			);
			mainGroup = B1E06D1B21E3E8B1008C361A;
			productRefGroup = B1E06D2521E3E8B2008C361A /* Products */;
			projectDirPath = "";
			projectRoot = "";
			targets = (
				B1E06D2321E3E8B2008C361A /* BeachVolleyApp */,
				B1E06D3721E3E8BE008C361A /* BeachVolleyAppTests */,
				B1E06D4221E3E8BE008C361A /* BeachVolleyAppUITests */,
			);
		};
/* End PBXProject section */

/* Begin PBXResourcesBuildPhase section */
		B1E06D2221E3E8B2008C361A /* Resources */ = {
			isa = PBXResourcesBuildPhase;
			buildActionMask = 2147483647;
			files = (
				B16CDA6621E55B8200CD222C /* unluck.mp3 in Resources */,
				B168053522213C2500074350 /* whistle_serv.mp3 in Resources */,
				B168053722213CFB00074350 /* serv_whistle.mp3 in Resources */,
				023DB039228459A8007D35D1 /* Main.storyboard in Resources */,
				B16805332221388E00074350 /* whistle_orig.mp3 in Resources */,
				B17BB40B2388029D00FB11B2 /* Localizable.strings in Resources */,
				B16CDA6821E55C1800CD222C /* monsterBlock.mp3 in Resources */,
				B16CDA6421E55B7200CD222C /* oou.mp3 in Resources */,
				B169701E2328F2FA00B3B961 /* soundOfTimeout1.mp3 in Resources */,
				B17BB40E23885B1400FB11B2 /* soundOfTimeout3.mp3 in Resources */,
				B196753C2386E40900A5D3D6 /* Launch Screen.storyboard in Resources */,
				B16CDA6A21E55C3300CD222C /* buzzle.mp3 in Resources */,
				B1475118233C1A09005C4339 /* whistle_long.mp3 in Resources */,
				B16CDA6C21E55C6800CD222C /* whistle.mp3 in Resources */,
				B116A2DF22E24C32004ECE1D /* cheer.mp3 in Resources */,
				B1E33E8F21E40CCF0006ED59 /* magic.mp3 in Resources */,
				B169701F2328F2FA00B3B961 /* soundOfTimeout2.mp3 in Resources */,
				B15F923A2382A2760006B9A9 /* Onboarding.storyboard in Resources */,
				B1E06D2F21E3E8BD008C361A /* Assets.xcassets in Resources */,
				B1C18BE823265A8A0019BF15 /* soundOfTimeout.mp3 in Resources */,
			);
			runOnlyForDeploymentPostprocessing = 0;
		};
		B1E06D3621E3E8BE008C361A /* Resources */ = {
			isa = PBXResourcesBuildPhase;
			buildActionMask = 2147483647;
			files = (
			);
			runOnlyForDeploymentPostprocessing = 0;
		};
		B1E06D4121E3E8BE008C361A /* Resources */ = {
			isa = PBXResourcesBuildPhase;
			buildActionMask = 2147483647;
			files = (
			);
			runOnlyForDeploymentPostprocessing = 0;
		};
/* End PBXResourcesBuildPhase section */

/* Begin PBXShellScriptBuildPhase section */
		10A48870C829777ED06B482E /* [CP] Embed Pods Frameworks */ = {
			isa = PBXShellScriptBuildPhase;
			buildActionMask = 2147483647;
			files = (
			);
			inputFileListPaths = (
				"${PODS_ROOT}/Target Support Files/Pods-SportSoundApp/Pods-SportSoundApp-frameworks-${CONFIGURATION}-input-files.xcfilelist",
			);
			name = "[CP] Embed Pods Frameworks";
			outputFileListPaths = (
				"${PODS_ROOT}/Target Support Files/Pods-SportSoundApp/Pods-SportSoundApp-frameworks-${CONFIGURATION}-output-files.xcfilelist",
			);
			runOnlyForDeploymentPostprocessing = 0;
			shellPath = /bin/sh;
			shellScript = "\"${PODS_ROOT}/Target Support Files/Pods-SportSoundApp/Pods-SportSoundApp-frameworks.sh\"\n";
			showEnvVarsInLog = 0;
		};
		242063CAE0FD1223527642F0 /* [CP] Embed Pods Frameworks */ = {
			isa = PBXShellScriptBuildPhase;
			buildActionMask = 2147483647;
			files = (
			);
			inputFileListPaths = (
				"${PODS_ROOT}/Target Support Files/Pods-SportSoundApp-SportSoundAppUITests/Pods-SportSoundApp-SportSoundAppUITests-frameworks-${CONFIGURATION}-input-files.xcfilelist",
			);
			name = "[CP] Embed Pods Frameworks";
			outputFileListPaths = (
				"${PODS_ROOT}/Target Support Files/Pods-SportSoundApp-SportSoundAppUITests/Pods-SportSoundApp-SportSoundAppUITests-frameworks-${CONFIGURATION}-output-files.xcfilelist",
			);
			runOnlyForDeploymentPostprocessing = 0;
			shellPath = /bin/sh;
			shellScript = "\"${PODS_ROOT}/Target Support Files/Pods-SportSoundApp-SportSoundAppUITests/Pods-SportSoundApp-SportSoundAppUITests-frameworks.sh\"\n";
			showEnvVarsInLog = 0;
		};
		26E8C7E2050B0738D0A1002B /* [CP] Check Pods Manifest.lock */ = {
			isa = PBXShellScriptBuildPhase;
			buildActionMask = 2147483647;
			files = (
			);
			inputFileListPaths = (
			);
			inputPaths = (
				"${PODS_PODFILE_DIR_PATH}/Podfile.lock",
				"${PODS_ROOT}/Manifest.lock",
			);
			name = "[CP] Check Pods Manifest.lock";
			outputFileListPaths = (
			);
			outputPaths = (
				"$(DERIVED_FILE_DIR)/Pods-SportSoundAppTests-checkManifestLockResult.txt",
			);
			runOnlyForDeploymentPostprocessing = 0;
			shellPath = /bin/sh;
			shellScript = "diff \"${PODS_PODFILE_DIR_PATH}/Podfile.lock\" \"${PODS_ROOT}/Manifest.lock\" > /dev/null\nif [ $? != 0 ] ; then\n    # print error to STDERR\n    echo \"error: The sandbox is not in sync with the Podfile.lock. Run 'pod install' or update your CocoaPods installation.\" >&2\n    exit 1\nfi\n# This output is used by Xcode 'outputs' to avoid re-running this script phase.\necho \"SUCCESS\" > \"${SCRIPT_OUTPUT_FILE_0}\"\n";
			showEnvVarsInLog = 0;
		};
		4883AC6206F1D894577A51D3 /* [CP] Check Pods Manifest.lock */ = {
			isa = PBXShellScriptBuildPhase;
			buildActionMask = 2147483647;
			files = (
			);
			inputFileListPaths = (
			);
			inputPaths = (
				"${PODS_PODFILE_DIR_PATH}/Podfile.lock",
				"${PODS_ROOT}/Manifest.lock",
			);
			name = "[CP] Check Pods Manifest.lock";
			outputFileListPaths = (
			);
			outputPaths = (
				"$(DERIVED_FILE_DIR)/Pods-SportSoundApp-checkManifestLockResult.txt",
			);
			runOnlyForDeploymentPostprocessing = 0;
			shellPath = /bin/sh;
			shellScript = "diff \"${PODS_PODFILE_DIR_PATH}/Podfile.lock\" \"${PODS_ROOT}/Manifest.lock\" > /dev/null\nif [ $? != 0 ] ; then\n    # print error to STDERR\n    echo \"error: The sandbox is not in sync with the Podfile.lock. Run 'pod install' or update your CocoaPods installation.\" >&2\n    exit 1\nfi\n# This output is used by Xcode 'outputs' to avoid re-running this script phase.\necho \"SUCCESS\" > \"${SCRIPT_OUTPUT_FILE_0}\"\n";
			showEnvVarsInLog = 0;
		};
		E3627A8E6D9A6ABE62BC578C /* [CP] Check Pods Manifest.lock */ = {
			isa = PBXShellScriptBuildPhase;
			buildActionMask = 2147483647;
			files = (
			);
			inputFileListPaths = (
			);
			inputPaths = (
				"${PODS_PODFILE_DIR_PATH}/Podfile.lock",
				"${PODS_ROOT}/Manifest.lock",
			);
			name = "[CP] Check Pods Manifest.lock";
			outputFileListPaths = (
			);
			outputPaths = (
				"$(DERIVED_FILE_DIR)/Pods-SportSoundApp-SportSoundAppUITests-checkManifestLockResult.txt",
			);
			runOnlyForDeploymentPostprocessing = 0;
			shellPath = /bin/sh;
			shellScript = "diff \"${PODS_PODFILE_DIR_PATH}/Podfile.lock\" \"${PODS_ROOT}/Manifest.lock\" > /dev/null\nif [ $? != 0 ] ; then\n    # print error to STDERR\n    echo \"error: The sandbox is not in sync with the Podfile.lock. Run 'pod install' or update your CocoaPods installation.\" >&2\n    exit 1\nfi\n# This output is used by Xcode 'outputs' to avoid re-running this script phase.\necho \"SUCCESS\" > \"${SCRIPT_OUTPUT_FILE_0}\"\n";
			showEnvVarsInLog = 0;
		};
/* End PBXShellScriptBuildPhase section */

/* Begin PBXSourcesBuildPhase section */
		B1E06D2021E3E8B2008C361A /* Sources */ = {
			isa = PBXSourcesBuildPhase;
			buildActionMask = 2147483647;
			files = (
				B1C1150023355EF000BB8ED5 /* ReadyViewController.swift in Sources */,
				B11F628F21FE633300363DFE /* SecondViewController.swift in Sources */,
				B1C114FE23355ED200BB8ED5 /* IconsViewController.swift in Sources */,
				B1C114FC23355E9600BB8ED5 /* WhistleViewController.swift in Sources */,
				B13AEC9D22CF7D9200030376 /* ssapp.xcdatamodeld in Sources */,
				B1E06D2A21E3E8B2008C361A /* ViewController.swift in Sources */,
				B1E06D2821E3E8B2008C361A /* AppDelegate.swift in Sources */,
				B1B2C65323A4F6DB0019F1AA /* LaunchViewController.swift in Sources */,
			);
			runOnlyForDeploymentPostprocessing = 0;
		};
		B1E06D3421E3E8BE008C361A /* Sources */ = {
			isa = PBXSourcesBuildPhase;
			buildActionMask = 2147483647;
			files = (
				B1E06D3D21E3E8BE008C361A /* SportSoundAppTests.swift in Sources */,
			);
			runOnlyForDeploymentPostprocessing = 0;
		};
		B1E06D3F21E3E8BE008C361A /* Sources */ = {
			isa = PBXSourcesBuildPhase;
			buildActionMask = 2147483647;
			files = (
				B1E06D4821E3E8BE008C361A /* SportSoundAppUITests.swift in Sources */,
			);
			runOnlyForDeploymentPostprocessing = 0;
		};
/* End PBXSourcesBuildPhase section */

/* Begin PBXTargetDependency section */
		B1E06D3A21E3E8BE008C361A /* PBXTargetDependency */ = {
			isa = PBXTargetDependency;
			target = B1E06D2321E3E8B2008C361A /* BeachVolleyApp */;
			targetProxy = B1E06D3921E3E8BE008C361A /* PBXContainerItemProxy */;
		};
		B1E06D4521E3E8BE008C361A /* PBXTargetDependency */ = {
			isa = PBXTargetDependency;
			target = B1E06D2321E3E8B2008C361A /* BeachVolleyApp */;
			targetProxy = B1E06D4421E3E8BE008C361A /* PBXContainerItemProxy */;
		};
/* End PBXTargetDependency section */

/* Begin PBXVariantGroup section */
		023DB037228459A8007D35D1 /* Main.storyboard */ = {
			isa = PBXVariantGroup;
			children = (
				023DB038228459A8007D35D1 /* Base */,
				B1560B1022B94309007E2EDE /* ru */,
				B1060C9122D8D059000F5646 /* en */,
				B17BB4062387F8E700FB11B2 /* uk */,
			);
			name = Main.storyboard;
			sourceTree = "<group>";
		};
		B15F923C2382A2760006B9A9 /* Onboarding.storyboard */ = {
			isa = PBXVariantGroup;
			children = (
				B15F923B2382A2760006B9A9 /* Base */,
				B15F923E2382A3050006B9A9 /* en */,
				B15F92402382A3080006B9A9 /* ru */,
				B17BB4082387F8E700FB11B2 /* uk */,
			);
			name = Onboarding.storyboard;
			path = ..;
			sourceTree = "<group>";
		};
		B17BB4092388029D00FB11B2 /* Localizable.strings */ = {
			isa = PBXVariantGroup;
			children = (
				B17BB40A2388029D00FB11B2 /* ru */,
				B17BB40C23884B2700FB11B2 /* uk */,
			);
			name = Localizable.strings;
			sourceTree = "<group>";
		};
		B196753E2386E40900A5D3D6 /* Launch Screen.storyboard */ = {
			isa = PBXVariantGroup;
			children = (
				B196753D2386E40900A5D3D6 /* Base */,
				B16EF4972387381C0034B71B /* en */,
				B16EF4992387381F0034B71B /* ru */,
				B17BB4072387F8E700FB11B2 /* uk */,
			);
			name = "Launch Screen.storyboard";
			sourceTree = "<group>";
		};
/* End PBXVariantGroup section */

/* Begin XCBuildConfiguration section */
		B1E06D4A21E3E8BE008C361A /* Debug */ = {
			isa = XCBuildConfiguration;
			buildSettings = {
				ALWAYS_SEARCH_USER_PATHS = NO;
				CLANG_ANALYZER_LOCALIZABILITY_NONLOCALIZED = YES;
				CLANG_ANALYZER_NONNULL = YES;
				CLANG_ANALYZER_NUMBER_OBJECT_CONVERSION = YES_AGGRESSIVE;
				CLANG_CXX_LANGUAGE_STANDARD = "gnu++14";
				CLANG_CXX_LIBRARY = "libc++";
				CLANG_ENABLE_MODULES = YES;
				CLANG_ENABLE_OBJC_ARC = YES;
				CLANG_ENABLE_OBJC_WEAK = YES;
				CLANG_WARN_BLOCK_CAPTURE_AUTORELEASING = YES;
				CLANG_WARN_BOOL_CONVERSION = YES;
				CLANG_WARN_COMMA = YES;
				CLANG_WARN_CONSTANT_CONVERSION = YES;
				CLANG_WARN_DEPRECATED_OBJC_IMPLEMENTATIONS = YES;
				CLANG_WARN_DIRECT_OBJC_ISA_USAGE = YES_ERROR;
				CLANG_WARN_DOCUMENTATION_COMMENTS = YES;
				CLANG_WARN_EMPTY_BODY = YES;
				CLANG_WARN_ENUM_CONVERSION = YES;
				CLANG_WARN_INFINITE_RECURSION = YES;
				CLANG_WARN_INT_CONVERSION = YES;
				CLANG_WARN_NON_LITERAL_NULL_CONVERSION = YES;
				CLANG_WARN_OBJC_IMPLICIT_RETAIN_SELF = YES;
				CLANG_WARN_OBJC_LITERAL_CONVERSION = YES;
				CLANG_WARN_OBJC_ROOT_CLASS = YES_ERROR;
				CLANG_WARN_RANGE_LOOP_ANALYSIS = YES;
				CLANG_WARN_STRICT_PROTOTYPES = YES;
				CLANG_WARN_SUSPICIOUS_MOVE = YES;
				CLANG_WARN_UNGUARDED_AVAILABILITY = YES_AGGRESSIVE;
				CLANG_WARN_UNREACHABLE_CODE = YES;
				CLANG_WARN__DUPLICATE_METHOD_MATCH = YES;
				CODE_SIGN_IDENTITY = "iPhone Developer";
				COPY_PHASE_STRIP = NO;
				DEBUG_INFORMATION_FORMAT = dwarf;
				ENABLE_STRICT_OBJC_MSGSEND = YES;
				ENABLE_TESTABILITY = YES;
				GCC_C_LANGUAGE_STANDARD = gnu11;
				GCC_DYNAMIC_NO_PIC = NO;
				GCC_NO_COMMON_BLOCKS = YES;
				GCC_OPTIMIZATION_LEVEL = 0;
				GCC_PREPROCESSOR_DEFINITIONS = (
					"DEBUG=1",
					"$(inherited)",
				);
				GCC_WARN_64_TO_32_BIT_CONVERSION = YES;
				GCC_WARN_ABOUT_RETURN_TYPE = YES_ERROR;
				GCC_WARN_UNDECLARED_SELECTOR = YES;
				GCC_WARN_UNINITIALIZED_AUTOS = YES_AGGRESSIVE;
				GCC_WARN_UNUSED_FUNCTION = YES;
				GCC_WARN_UNUSED_VARIABLE = YES;
				IPHONEOS_DEPLOYMENT_TARGET = 12.4;
				MTL_ENABLE_DEBUG_INFO = INCLUDE_SOURCE;
				MTL_FAST_MATH = YES;
				ONLY_ACTIVE_ARCH = YES;
				SDKROOT = iphoneos;
				SWIFT_ACTIVE_COMPILATION_CONDITIONS = DEBUG;
				SWIFT_OPTIMIZATION_LEVEL = "-Onone";
			};
			name = Debug;
		};
		B1E06D4B21E3E8BE008C361A /* Release */ = {
			isa = XCBuildConfiguration;
			buildSettings = {
				ALWAYS_SEARCH_USER_PATHS = NO;
				CLANG_ANALYZER_LOCALIZABILITY_NONLOCALIZED = YES;
				CLANG_ANALYZER_NONNULL = YES;
				CLANG_ANALYZER_NUMBER_OBJECT_CONVERSION = YES_AGGRESSIVE;
				CLANG_CXX_LANGUAGE_STANDARD = "gnu++14";
				CLANG_CXX_LIBRARY = "libc++";
				CLANG_ENABLE_MODULES = YES;
				CLANG_ENABLE_OBJC_ARC = YES;
				CLANG_ENABLE_OBJC_WEAK = YES;
				CLANG_WARN_BLOCK_CAPTURE_AUTORELEASING = YES;
				CLANG_WARN_BOOL_CONVERSION = YES;
				CLANG_WARN_COMMA = YES;
				CLANG_WARN_CONSTANT_CONVERSION = YES;
				CLANG_WARN_DEPRECATED_OBJC_IMPLEMENTATIONS = YES;
				CLANG_WARN_DIRECT_OBJC_ISA_USAGE = YES_ERROR;
				CLANG_WARN_DOCUMENTATION_COMMENTS = YES;
				CLANG_WARN_EMPTY_BODY = YES;
				CLANG_WARN_ENUM_CONVERSION = YES;
				CLANG_WARN_INFINITE_RECURSION = YES;
				CLANG_WARN_INT_CONVERSION = YES;
				CLANG_WARN_NON_LITERAL_NULL_CONVERSION = YES;
				CLANG_WARN_OBJC_IMPLICIT_RETAIN_SELF = YES;
				CLANG_WARN_OBJC_LITERAL_CONVERSION = YES;
				CLANG_WARN_OBJC_ROOT_CLASS = YES_ERROR;
				CLANG_WARN_RANGE_LOOP_ANALYSIS = YES;
				CLANG_WARN_STRICT_PROTOTYPES = YES;
				CLANG_WARN_SUSPICIOUS_MOVE = YES;
				CLANG_WARN_UNGUARDED_AVAILABILITY = YES_AGGRESSIVE;
				CLANG_WARN_UNREACHABLE_CODE = YES;
				CLANG_WARN__DUPLICATE_METHOD_MATCH = YES;
				CODE_SIGN_IDENTITY = "iPhone Developer";
				COPY_PHASE_STRIP = NO;
				DEBUG_INFORMATION_FORMAT = "dwarf-with-dsym";
				ENABLE_NS_ASSERTIONS = NO;
				ENABLE_STRICT_OBJC_MSGSEND = YES;
				GCC_C_LANGUAGE_STANDARD = gnu11;
				GCC_NO_COMMON_BLOCKS = YES;
				GCC_WARN_64_TO_32_BIT_CONVERSION = YES;
				GCC_WARN_ABOUT_RETURN_TYPE = YES_ERROR;
				GCC_WARN_UNDECLARED_SELECTOR = YES;
				GCC_WARN_UNINITIALIZED_AUTOS = YES_AGGRESSIVE;
				GCC_WARN_UNUSED_FUNCTION = YES;
				GCC_WARN_UNUSED_VARIABLE = YES;
				IPHONEOS_DEPLOYMENT_TARGET = 12.4;
				MTL_ENABLE_DEBUG_INFO = NO;
				MTL_FAST_MATH = YES;
				SDKROOT = iphoneos;
				SWIFT_COMPILATION_MODE = wholemodule;
				SWIFT_OPTIMIZATION_LEVEL = "-O";
				VALIDATE_PRODUCT = YES;
			};
			name = Release;
		};
		B1E06D4D21E3E8BE008C361A /* Debug */ = {
			isa = XCBuildConfiguration;
			baseConfigurationReference = 5C43BE99EDD06CF53F7B43FC /* Pods-SportSoundApp.debug.xcconfig */;
			buildSettings = {
				ASSETCATALOG_COMPILER_APPICON_NAME = AppIcon;
				CODE_SIGN_IDENTITY = "Apple Development";
				CODE_SIGN_STYLE = Automatic;
				DEVELOPMENT_TEAM = X24JXQT969;
				INFOPLIST_FILE = BeachVolleyApp/Info.plist;
				IPHONEOS_DEPLOYMENT_TARGET = 12.4;
				LD_RUNPATH_SEARCH_PATHS = (
					"$(inherited)",
					"@executable_path/Frameworks",
				);
				PRODUCT_BUNDLE_IDENTIFIER = First.BeachVolleyApp;
				PRODUCT_NAME = "$(TARGET_NAME)";
				PROVISIONING_PROFILE_SPECIFIER = "";
				SWIFT_VERSION = 4.2;
				TARGETED_DEVICE_FAMILY = 1;
			};
			name = Debug;
		};
		B1E06D4E21E3E8BE008C361A /* Release */ = {
			isa = XCBuildConfiguration;
			baseConfigurationReference = C995F6E119115DF0EBB17DB3 /* Pods-SportSoundApp.release.xcconfig */;
			buildSettings = {
				ASSETCATALOG_COMPILER_APPICON_NAME = AppIcon;
				CODE_SIGN_IDENTITY = "Apple Development";
				CODE_SIGN_STYLE = Automatic;
				DEVELOPMENT_TEAM = X24JXQT969;
				INFOPLIST_FILE = BeachVolleyApp/Info.plist;
				IPHONEOS_DEPLOYMENT_TARGET = 12.4;
				LD_RUNPATH_SEARCH_PATHS = (
					"$(inherited)",
					"@executable_path/Frameworks",
				);
				PRODUCT_BUNDLE_IDENTIFIER = First.BeachVolleyApp;
				PRODUCT_NAME = "$(TARGET_NAME)";
				PROVISIONING_PROFILE_SPECIFIER = "";
				SWIFT_VERSION = 4.2;
				TARGETED_DEVICE_FAMILY = 1;
			};
			name = Release;
		};
		B1E06D5021E3E8BE008C361A /* Debug */ = {
			isa = XCBuildConfiguration;
			baseConfigurationReference = 318516973E69870352B1A255 /* Pods-SportSoundAppTests.debug.xcconfig */;
			buildSettings = {
				ALWAYS_EMBED_SWIFT_STANDARD_LIBRARIES = YES;
				BUNDLE_LOADER = "$(TEST_HOST)";
				CODE_SIGN_STYLE = Automatic;
				DEVELOPMENT_TEAM = X24JXQT969;
				INFOPLIST_FILE = SportSoundAppTests/Info.plist;
				LD_RUNPATH_SEARCH_PATHS = (
					"$(inherited)",
					"@executable_path/Frameworks",
					"@loader_path/Frameworks",
				);
				PRODUCT_BUNDLE_IDENTIFIER = First.SportSoundAppTests;
				PRODUCT_NAME = "$(TARGET_NAME)";
				SWIFT_VERSION = 4.2;
				TARGETED_DEVICE_FAMILY = "1,2";
				TEST_HOST = "$(BUILT_PRODUCTS_DIR)/BeachVolleyApp.app/BeachVolleyApp";
			};
			name = Debug;
		};
		B1E06D5121E3E8BE008C361A /* Release */ = {
			isa = XCBuildConfiguration;
			baseConfigurationReference = 9F7834B90C8F123466785CF3 /* Pods-SportSoundAppTests.release.xcconfig */;
			buildSettings = {
				ALWAYS_EMBED_SWIFT_STANDARD_LIBRARIES = YES;
				BUNDLE_LOADER = "$(TEST_HOST)";
				CODE_SIGN_STYLE = Automatic;
				DEVELOPMENT_TEAM = X24JXQT969;
				INFOPLIST_FILE = SportSoundAppTests/Info.plist;
				LD_RUNPATH_SEARCH_PATHS = (
					"$(inherited)",
					"@executable_path/Frameworks",
					"@loader_path/Frameworks",
				);
				PRODUCT_BUNDLE_IDENTIFIER = First.SportSoundAppTests;
				PRODUCT_NAME = "$(TARGET_NAME)";
				SWIFT_VERSION = 4.2;
				TARGETED_DEVICE_FAMILY = "1,2";
				TEST_HOST = "$(BUILT_PRODUCTS_DIR)/BeachVolleyApp.app/BeachVolleyApp";
			};
			name = Release;
		};
		B1E06D5321E3E8BE008C361A /* Debug */ = {
			isa = XCBuildConfiguration;
			baseConfigurationReference = 5E317B48A8734AE13D83FA72 /* Pods-SportSoundApp-SportSoundAppUITests.debug.xcconfig */;
			buildSettings = {
				ALWAYS_EMBED_SWIFT_STANDARD_LIBRARIES = YES;
				CODE_SIGN_STYLE = Automatic;
				DEVELOPMENT_TEAM = X24JXQT969;
				INFOPLIST_FILE = SportSoundAppUITests/Info.plist;
				LD_RUNPATH_SEARCH_PATHS = (
					"$(inherited)",
					"@executable_path/Frameworks",
					"@loader_path/Frameworks",
				);
				PRODUCT_BUNDLE_IDENTIFIER = First.SportSoundAppUITests;
				PRODUCT_NAME = "$(TARGET_NAME)";
				SWIFT_VERSION = 4.2;
				TARGETED_DEVICE_FAMILY = "1,2";
				TEST_TARGET_NAME = SportSoundApp;
			};
			name = Debug;
		};
		B1E06D5421E3E8BE008C361A /* Release */ = {
			isa = XCBuildConfiguration;
			baseConfigurationReference = 47CFF83B9B3E81D5CE5ADCDF /* Pods-SportSoundApp-SportSoundAppUITests.release.xcconfig */;
			buildSettings = {
				ALWAYS_EMBED_SWIFT_STANDARD_LIBRARIES = YES;
				CODE_SIGN_STYLE = Automatic;
				DEVELOPMENT_TEAM = X24JXQT969;
				INFOPLIST_FILE = SportSoundAppUITests/Info.plist;
				LD_RUNPATH_SEARCH_PATHS = (
					"$(inherited)",
					"@executable_path/Frameworks",
					"@loader_path/Frameworks",
				);
				PRODUCT_BUNDLE_IDENTIFIER = First.SportSoundAppUITests;
				PRODUCT_NAME = "$(TARGET_NAME)";
				SWIFT_VERSION = 4.2;
				TARGETED_DEVICE_FAMILY = "1,2";
				TEST_TARGET_NAME = SportSoundApp;
			};
			name = Release;
		};
/* End XCBuildConfiguration section */

/* Begin XCConfigurationList section */
		B1E06D1F21E3E8B1008C361A /* Build configuration list for PBXProject "BeachVolleyApp" */ = {
			isa = XCConfigurationList;
			buildConfigurations = (
				B1E06D4A21E3E8BE008C361A /* Debug */,
				B1E06D4B21E3E8BE008C361A /* Release */,
			);
			defaultConfigurationIsVisible = 0;
			defaultConfigurationName = Release;
		};
		B1E06D4C21E3E8BE008C361A /* Build configuration list for PBXNativeTarget "BeachVolleyApp" */ = {
			isa = XCConfigurationList;
			buildConfigurations = (
				B1E06D4D21E3E8BE008C361A /* Debug */,
				B1E06D4E21E3E8BE008C361A /* Release */,
			);
			defaultConfigurationIsVisible = 0;
			defaultConfigurationName = Release;
		};
		B1E06D4F21E3E8BE008C361A /* Build configuration list for PBXNativeTarget "BeachVolleyAppTests" */ = {
			isa = XCConfigurationList;
			buildConfigurations = (
				B1E06D5021E3E8BE008C361A /* Debug */,
				B1E06D5121E3E8BE008C361A /* Release */,
			);
			defaultConfigurationIsVisible = 0;
			defaultConfigurationName = Release;
		};
		B1E06D5221E3E8BE008C361A /* Build configuration list for PBXNativeTarget "BeachVolleyAppUITests" */ = {
			isa = XCConfigurationList;
			buildConfigurations = (
				B1E06D5321E3E8BE008C361A /* Debug */,
				B1E06D5421E3E8BE008C361A /* Release */,
			);
			defaultConfigurationIsVisible = 0;
			defaultConfigurationName = Release;
		};
/* End XCConfigurationList section */

/* Begin XCVersionGroup section */
		B13AEC9B22CF7D9200030376 /* ssapp.xcdatamodeld */ = {
			isa = XCVersionGroup;
			children = (
				B13AEC9C22CF7D9200030376 /* ssapp.xcdatamodel */,
			);
			currentVersion = B13AEC9C22CF7D9200030376 /* ssapp.xcdatamodel */;
			path = ssapp.xcdatamodeld;
			sourceTree = "<group>";
			versionGroupType = wrapper.xcdatamodel;
		};
/* End XCVersionGroup section */
	};
	rootObject = B1E06D1C21E3E8B1008C361A /* Project object */;
}
